PODS:
  - Atom (0.0.1)
  - Nimble (3.2.0)
  - Quick (0.9.2)

DEPENDENCIES:
  - Atom (from `../`)
  - Nimble (~> 3.0)
  - Quick (~> 0.8)

EXTERNAL SOURCES:
  Atom:
    :path: "../"

SPEC CHECKSUMS:
  Atom: 0fab2e5ecb51896f64a1e2820bafc02d899a38ce
  Nimble: 703854335d181df169bbca9c97117b5cf8c47c1d
  Quick: 18d057bc66451eedd5d1c8dc99ba2a5db6e60226

PODFILE CHECKSUM: 8bb899044d8c7be090ec61e90f691a2e44767b60

COCOAPODS: 1.0.0
