PODS:
  - Atom (0.0.1)
  - FBSnapshotTestCase (2.1.1):
    - FBSnapshotTestCase/SwiftSupport (= 2.1.1)
  - FBSnapshotTestCase/Core (2.1.1)
  - FBSnapshotTestCase/SwiftSupport (2.1.1):
    - FBSnapshotTestCase/Core
  - Nimble (3.2.0)
  - Nimble-Snapshots (4.1.0):
    - FBSnapshotTestCase (~> 2.0)
    - Nimble
    - Quick
  - Quick (0.9.2)

DEPENDENCIES:
  - Atom (from `../`)
  - FBSnapshotTestCase (~> 2.1.1)
  - Nimble (~> 3.0)
  - Nimble-Snapshots
  - Quick (~> 0.8)

EXTERNAL SOURCES:
  Atom:
    :path: ../

SPEC CHECKSUMS:
  Atom: 0fab2e5ecb51896f64a1e2820bafc02d899a38ce
  FBSnapshotTestCase: 432afd8d059ccef7f207225894840a03fbcf7474
  Nimble: 703854335d181df169bbca9c97117b5cf8c47c1d
  Nimble-Snapshots: 2da4d2ec829b458d6886c06812c52493fce284c9
  Quick: 18d057bc66451eedd5d1c8dc99ba2a5db6e60226

PODFILE CHECKSUM: 7a234120a62b63a86db67ad024530294a0edbd71

COCOAPODS: 1.0.1
