// !$*UTF8*$!
{
	archiveVersion = 1;
	classes = {
	};
	objectVersion = 46;
	objects = {

/* Begin PBXBuildFile section */
		607FACD61AFB9204008FA782 /* AppDelegate.swift in Sources */ = {isa = PBXBuildFile; fileRef = 607FACD51AFB9204008FA782 /* AppDelegate.swift */; };
		607FACDB1AFB9204008FA782 /* Main.storyboard in Resources */ = {isa = PBXBuildFile; fileRef = 607FACD91AFB9204008FA782 /* Main.storyboard */; };
		607FACDD1AFB9204008FA782 /* Images.xcassets in Resources */ = {isa = PBXBuildFile; fileRef = 607FACDC1AFB9204008FA782 /* Images.xcassets */; };
		607FACE01AFB9204008FA782 /* LaunchScreen.xib in Resources */ = {isa = PBXBuildFile; fileRef = 607FACDE1AFB9204008FA782 /* LaunchScreen.xib */; };
		607FACEC1AFB9204008FA782 /* Tests.swift in Sources */ = {isa = PBXBuildFile; fileRef = 607FACEB1AFB9204008FA782 /* Tests.swift */; };
		89D80ECF2315FD396A24E170 /* Pods_Atom_Example.framework in Frameworks */ = {isa = PBXBuildFile; fileRef = FFF5F7487EC5827F39FEE20F /* Pods_Atom_Example.framework */; };
		90D21E24D62242F2741E800C /* Pods_Atom_Tests.framework in Frameworks */ = {isa = PBXBuildFile; fileRef = 31A189E0D916A41E74114114 /* Pods_Atom_Tests.framework */; };
		FA3727101D0C93C700FD8A16 /* AtomElement.swift in Sources */ = {isa = PBXBuildFile; fileRef = FA37270F1D0C93C700FD8A16 /* AtomElement.swift */; };
		FA3727161D0C973300FD8A16 /* AtomUtils.swift in Sources */ = {isa = PBXBuildFile; fileRef = FA3727151D0C973300FD8A16 /* AtomUtils.swift */; };
		FA3727191D0C98D700FD8A16 /* App.swift in Sources */ = {isa = PBXBuildFile; fileRef = FA3727181D0C98D700FD8A16 /* App.swift */; };
		FA37271E1D0C99C500FD8A16 /* Todo.swift in Sources */ = {isa = PBXBuildFile; fileRef = FA37271D1D0C99C500FD8A16 /* Todo.swift */; };
		FA433FB61D15B53E0021F075 /* MainController.swift in Sources */ = {isa = PBXBuildFile; fileRef = FA433FB51D15B53E0021F075 /* MainController.swift */; };
		FA433FB81D15B56B0021F075 /* State.swift in Sources */ = {isa = PBXBuildFile; fileRef = FA433FB71D15B56B0021F075 /* State.swift */; };
		FA433FBB1D15C3760021F075 /* MainCell.swift in Sources */ = {isa = PBXBuildFile; fileRef = FA433FBA1D15C3760021F075 /* MainCell.swift */; };
		FA433FBD1D15C5F60021F075 /* AddController.swift in Sources */ = {isa = PBXBuildFile; fileRef = FA433FBC1D15C5F60021F075 /* AddController.swift */; };
		FA433FBF1D15C6A00021F075 /* Dispatcher.swift in Sources */ = {isa = PBXBuildFile; fileRef = FA433FBE1D15C6A00021F075 /* Dispatcher.swift */; };
		FA433FC21D15DE490021F075 /* Actions.swift in Sources */ = {isa = PBXBuildFile; fileRef = FA433FC11D15DE490021F075 /* Actions.swift */; };
		FA433FC41D15DF970021F075 /* AtomComponent.swift in Sources */ = {isa = PBXBuildFile; fileRef = FA433FC31D15DF970021F075 /* AtomComponent.swift */; };
		FA5C51FB1D0F2B94005E1D95 /* AtomRoot.swift in Sources */ = {isa = PBXBuildFile; fileRef = FA5C51FA1D0F2B94005E1D95 /* AtomRoot.swift */; };
		FA5C51FF1D0F2F4D005E1D95 /* AtomDispatcher.swift in Sources */ = {isa = PBXBuildFile; fileRef = FA5C51FE1D0F2F4D005E1D95 /* AtomDispatcher.swift */; };
		FA5C52011D0F2F7E005E1D95 /* AtomSubscriber.swift in Sources */ = {isa = PBXBuildFile; fileRef = FA5C52001D0F2F7E005E1D95 /* AtomSubscriber.swift */; };
		FA5C52031D0F3FA4005E1D95 /* AtomEvent.swift in Sources */ = {isa = PBXBuildFile; fileRef = FA5C52021D0F3FA4005E1D95 /* AtomEvent.swift */; };
		FAD0B0251D0C9A7E004CBDDA /* Event.swift in Sources */ = {isa = PBXBuildFile; fileRef = FAD0B0241D0C9A7E004CBDDA /* Event.swift */; };
		FAD0B02B1D0CAF45004CBDDA /* AtomNode.swift in Sources */ = {isa = PBXBuildFile; fileRef = FAD0B02A1D0CAF45004CBDDA /* AtomNode.swift */; };
/* End PBXBuildFile section */

/* Begin PBXContainerItemProxy section */
		607FACE61AFB9204008FA782 /* PBXContainerItemProxy */ = {
			isa = PBXContainerItemProxy;
			containerPortal = 607FACC81AFB9204008FA782 /* Project object */;
			proxyType = 1;
			remoteGlobalIDString = 607FACCF1AFB9204008FA782;
			remoteInfo = Atom;
		};
/* End PBXContainerItemProxy section */

/* Begin PBXFileReference section */
		2828FEC7589B371E49AD2BFD /* Atom.podspec */ = {isa = PBXFileReference; includeInIndex = 1; lastKnownFileType = text; name = Atom.podspec; path = ../Atom.podspec; sourceTree = "<group>"; };
		31A189E0D916A41E74114114 /* Pods_Atom_Tests.framework */ = {isa = PBXFileReference; explicitFileType = wrapper.framework; includeInIndex = 0; path = Pods_Atom_Tests.framework; sourceTree = BUILT_PRODUCTS_DIR; };
		344E76EA437692338F1C9ED0 /* Pods-Atom_Example.release.xcconfig */ = {isa = PBXFileReference; includeInIndex = 1; lastKnownFileType = text.xcconfig; name = "Pods-Atom_Example.release.xcconfig"; path = "Pods/Target Support Files/Pods-Atom_Example/Pods-Atom_Example.release.xcconfig"; sourceTree = "<group>"; };
		4F1B781946C1C73A30112FF4 /* README.md */ = {isa = PBXFileReference; includeInIndex = 1; lastKnownFileType = net.daringfireball.markdown; name = README.md; path = ../README.md; sourceTree = "<group>"; };
		607FACD01AFB9204008FA782 /* Atom_Example.app */ = {isa = PBXFileReference; explicitFileType = wrapper.application; includeInIndex = 0; path = Atom_Example.app; sourceTree = BUILT_PRODUCTS_DIR; };
		607FACD41AFB9204008FA782 /* Info.plist */ = {isa = PBXFileReference; lastKnownFileType = text.plist.xml; path = Info.plist; sourceTree = "<group>"; };
		607FACD51AFB9204008FA782 /* AppDelegate.swift */ = {isa = PBXFileReference; lastKnownFileType = sourcecode.swift; path = AppDelegate.swift; sourceTree = "<group>"; };
		607FACDA1AFB9204008FA782 /* Base */ = {isa = PBXFileReference; lastKnownFileType = file.storyboard; name = Base; path = Base.lproj/Main.storyboard; sourceTree = "<group>"; };
		607FACDC1AFB9204008FA782 /* Images.xcassets */ = {isa = PBXFileReference; lastKnownFileType = folder.assetcatalog; path = Images.xcassets; sourceTree = "<group>"; };
		607FACDF1AFB9204008FA782 /* Base */ = {isa = PBXFileReference; lastKnownFileType = file.xib; name = Base; path = Base.lproj/LaunchScreen.xib; sourceTree = "<group>"; };
		607FACE51AFB9204008FA782 /* Atom_Tests.xctest */ = {isa = PBXFileReference; explicitFileType = wrapper.cfbundle; includeInIndex = 0; path = Atom_Tests.xctest; sourceTree = BUILT_PRODUCTS_DIR; };
		607FACEA1AFB9204008FA782 /* Info.plist */ = {isa = PBXFileReference; lastKnownFileType = text.plist.xml; path = Info.plist; sourceTree = "<group>"; };
		607FACEB1AFB9204008FA782 /* Tests.swift */ = {isa = PBXFileReference; lastKnownFileType = sourcecode.swift; path = Tests.swift; sourceTree = "<group>"; };
		802CB373B4F7C7EFBF352B0E /* Pods-Atom_Tests.release.xcconfig */ = {isa = PBXFileReference; includeInIndex = 1; lastKnownFileType = text.xcconfig; name = "Pods-Atom_Tests.release.xcconfig"; path = "Pods/Target Support Files/Pods-Atom_Tests/Pods-Atom_Tests.release.xcconfig"; sourceTree = "<group>"; };
		B75507C497BE5764118BA01D /* Pods-Atom_Tests.debug.xcconfig */ = {isa = PBXFileReference; includeInIndex = 1; lastKnownFileType = text.xcconfig; name = "Pods-Atom_Tests.debug.xcconfig"; path = "Pods/Target Support Files/Pods-Atom_Tests/Pods-Atom_Tests.debug.xcconfig"; sourceTree = "<group>"; };
		E9A83F96CA50E5FF4F8E6B93 /* LICENSE */ = {isa = PBXFileReference; includeInIndex = 1; lastKnownFileType = text; name = LICENSE; path = ../LICENSE; sourceTree = "<group>"; };
		F530B5C1E641D7C281F36719 /* Pods-Atom_Example.debug.xcconfig */ = {isa = PBXFileReference; includeInIndex = 1; lastKnownFileType = text.xcconfig; name = "Pods-Atom_Example.debug.xcconfig"; path = "Pods/Target Support Files/Pods-Atom_Example/Pods-Atom_Example.debug.xcconfig"; sourceTree = "<group>"; };
		FA37270F1D0C93C700FD8A16 /* AtomElement.swift */ = {isa = PBXFileReference; fileEncoding = 4; lastKnownFileType = sourcecode.swift; name = AtomElement.swift; path = ../Atom/Classes/AtomElement.swift; sourceTree = "<group>"; };
		FA3727151D0C973300FD8A16 /* AtomUtils.swift */ = {isa = PBXFileReference; fileEncoding = 4; lastKnownFileType = sourcecode.swift; name = AtomUtils.swift; path = ../Atom/Classes/AtomUtils.swift; sourceTree = "<group>"; };
		FA3727181D0C98D700FD8A16 /* App.swift */ = {isa = PBXFileReference; fileEncoding = 4; lastKnownFileType = sourcecode.swift; name = App.swift; path = State/App.swift; sourceTree = "<group>"; };
		FA37271D1D0C99C500FD8A16 /* Todo.swift */ = {isa = PBXFileReference; fileEncoding = 4; lastKnownFileType = sourcecode.swift; name = Todo.swift; path = State/App/Todo.swift; sourceTree = "<group>"; };
		FA433FB51D15B53E0021F075 /* MainController.swift */ = {isa = PBXFileReference; fileEncoding = 4; lastKnownFileType = sourcecode.swift; name = MainController.swift; path = Controllers/MainController.swift; sourceTree = "<group>"; };
		FA433FB71D15B56B0021F075 /* State.swift */ = {isa = PBXFileReference; fileEncoding = 4; lastKnownFileType = sourcecode.swift; path = State.swift; sourceTree = "<group>"; };
		FA433FBA1D15C3760021F075 /* MainCell.swift */ = {isa = PBXFileReference; fileEncoding = 4; lastKnownFileType = sourcecode.swift; name = MainCell.swift; path = View/MainCell.swift; sourceTree = "<group>"; };
		FA433FBC1D15C5F60021F075 /* AddController.swift */ = {isa = PBXFileReference; fileEncoding = 4; lastKnownFileType = sourcecode.swift; name = AddController.swift; path = Controllers/AddController.swift; sourceTree = "<group>"; };
		FA433FBE1D15C6A00021F075 /* Dispatcher.swift */ = {isa = PBXFileReference; fileEncoding = 4; lastKnownFileType = sourcecode.swift; path = Dispatcher.swift; sourceTree = "<group>"; };
		FA433FC11D15DE490021F075 /* Actions.swift */ = {isa = PBXFileReference; fileEncoding = 4; lastKnownFileType = sourcecode.swift; path = Actions.swift; sourceTree = "<group>"; };
		FA433FC31D15DF970021F075 /* AtomComponent.swift */ = {isa = PBXFileReference; fileEncoding = 4; lastKnownFileType = sourcecode.swift; name = AtomComponent.swift; path = ../Atom/Classes/AtomComponent.swift; sourceTree = "<group>"; };
		FA5C51FA1D0F2B94005E1D95 /* AtomRoot.swift */ = {isa = PBXFileReference; fileEncoding = 4; lastKnownFileType = sourcecode.swift; name = AtomRoot.swift; path = ../Atom/Classes/AtomRoot.swift; sourceTree = "<group>"; };
		FA5C51FE1D0F2F4D005E1D95 /* AtomDispatcher.swift */ = {isa = PBXFileReference; fileEncoding = 4; lastKnownFileType = sourcecode.swift; name = AtomDispatcher.swift; path = ../Atom/Classes/AtomDispatcher.swift; sourceTree = "<group>"; };
		FA5C52001D0F2F7E005E1D95 /* AtomSubscriber.swift */ = {isa = PBXFileReference; fileEncoding = 4; lastKnownFileType = sourcecode.swift; name = AtomSubscriber.swift; path = ../Atom/Classes/AtomSubscriber.swift; sourceTree = "<group>"; };
		FA5C52021D0F3FA4005E1D95 /* AtomEvent.swift */ = {isa = PBXFileReference; fileEncoding = 4; lastKnownFileType = sourcecode.swift; name = AtomEvent.swift; path = ../Atom/Classes/AtomEvent.swift; sourceTree = "<group>"; };
		FAD0B0241D0C9A7E004CBDDA /* Event.swift */ = {isa = PBXFileReference; fileEncoding = 4; lastKnownFileType = sourcecode.swift; path = Event.swift; sourceTree = "<group>"; };
		FAD0B02A1D0CAF45004CBDDA /* AtomNode.swift */ = {isa = PBXFileReference; fileEncoding = 4; lastKnownFileType = sourcecode.swift; name = AtomNode.swift; path = ../Atom/Classes/AtomNode.swift; sourceTree = "<group>"; };
		FFF5F7487EC5827F39FEE20F /* Pods_Atom_Example.framework */ = {isa = PBXFileReference; explicitFileType = wrapper.framework; includeInIndex = 0; path = Pods_Atom_Example.framework; sourceTree = BUILT_PRODUCTS_DIR; };
/* End PBXFileReference section */

/* Begin PBXFrameworksBuildPhase section */
		607FACCD1AFB9204008FA782 /* Frameworks */ = {
			isa = PBXFrameworksBuildPhase;
			buildActionMask = 2147483647;
			files = (
				89D80ECF2315FD396A24E170 /* Pods_Atom_Example.framework in Frameworks */,
			);
			runOnlyForDeploymentPostprocessing = 0;
		};
		607FACE21AFB9204008FA782 /* Frameworks */ = {
			isa = PBXFrameworksBuildPhase;
			buildActionMask = 2147483647;
			files = (
				90D21E24D62242F2741E800C /* Pods_Atom_Tests.framework in Frameworks */,
			);
			runOnlyForDeploymentPostprocessing = 0;
		};
/* End PBXFrameworksBuildPhase section */

/* Begin PBXGroup section */
		607FACC71AFB9204008FA782 = {
			isa = PBXGroup;
			children = (
				FA50A9C71CF98E9200B9055D /* Classes */,
				607FACF51AFB993E008FA782 /* Podspec Metadata */,
				607FACD21AFB9204008FA782 /* Example for Atom */,
				607FACE81AFB9204008FA782 /* Tests */,
				607FACD11AFB9204008FA782 /* Products */,
				6D68E02577DF8EDD58C6F72E /* Pods */,
				DA8DFC31DCEBC421A3FF097A /* Frameworks */,
			);
			sourceTree = "<group>";
		};
		607FACD11AFB9204008FA782 /* Products */ = {
			isa = PBXGroup;
			children = (
				607FACD01AFB9204008FA782 /* Atom_Example.app */,
				607FACE51AFB9204008FA782 /* Atom_Tests.xctest */,
			);
			name = Products;
			sourceTree = "<group>";
		};
		607FACD21AFB9204008FA782 /* Example for Atom */ = {
			isa = PBXGroup;
			children = (
				FA433FB91D15C3580021F075 /* View */,
				FA433FB21D15B4D90021F075 /* Controllers */,
				FA433FB11D15B3CE0021F075 /* Storyboard */,
				FA3727171D0C98B800FD8A16 /* State */,
				607FACD51AFB9204008FA782 /* AppDelegate.swift */,
				607FACDC1AFB9204008FA782 /* Images.xcassets */,
				607FACD31AFB9204008FA782 /* Supporting Files */,
				FAD0B0241D0C9A7E004CBDDA /* Event.swift */,
				FA433FB71D15B56B0021F075 /* State.swift */,
				FA433FBE1D15C6A00021F075 /* Dispatcher.swift */,
				FA433FC11D15DE490021F075 /* Actions.swift */,
			);
			name = "Example for Atom";
			path = Atom;
			sourceTree = "<group>";
		};
		607FACD31AFB9204008FA782 /* Supporting Files */ = {
			isa = PBXGroup;
			children = (
				607FACD41AFB9204008FA782 /* Info.plist */,
			);
			name = "Supporting Files";
			sourceTree = "<group>";
		};
		607FACE81AFB9204008FA782 /* Tests */ = {
			isa = PBXGroup;
			children = (
				607FACEB1AFB9204008FA782 /* Tests.swift */,
				607FACE91AFB9204008FA782 /* Supporting Files */,
			);
			path = Tests;
			sourceTree = "<group>";
		};
		607FACE91AFB9204008FA782 /* Supporting Files */ = {
			isa = PBXGroup;
			children = (
				607FACEA1AFB9204008FA782 /* Info.plist */,
			);
			name = "Supporting Files";
			sourceTree = "<group>";
		};
		607FACF51AFB993E008FA782 /* Podspec Metadata */ = {
			isa = PBXGroup;
			children = (
				2828FEC7589B371E49AD2BFD /* Atom.podspec */,
				4F1B781946C1C73A30112FF4 /* README.md */,
				E9A83F96CA50E5FF4F8E6B93 /* LICENSE */,
			);
			name = "Podspec Metadata";
			sourceTree = "<group>";
		};
		6D68E02577DF8EDD58C6F72E /* Pods */ = {
			isa = PBXGroup;
			children = (
				F530B5C1E641D7C281F36719 /* Pods-Atom_Example.debug.xcconfig */,
				344E76EA437692338F1C9ED0 /* Pods-Atom_Example.release.xcconfig */,
				B75507C497BE5764118BA01D /* Pods-Atom_Tests.debug.xcconfig */,
				802CB373B4F7C7EFBF352B0E /* Pods-Atom_Tests.release.xcconfig */,
			);
			name = Pods;
			sourceTree = "<group>";
		};
		DA8DFC31DCEBC421A3FF097A /* Frameworks */ = {
			isa = PBXGroup;
			children = (
				FFF5F7487EC5827F39FEE20F /* Pods_Atom_Example.framework */,
				31A189E0D916A41E74114114 /* Pods_Atom_Tests.framework */,
			);
			name = Frameworks;
			sourceTree = "<group>";
		};
		FA3727171D0C98B800FD8A16 /* State */ = {
			isa = PBXGroup;
			children = (
				FA37271A1D0C98DC00FD8A16 /* App */,
				FA3727181D0C98D700FD8A16 /* App.swift */,
			);
			name = State;
			sourceTree = "<group>";
		};
		FA37271A1D0C98DC00FD8A16 /* App */ = {
			isa = PBXGroup;
			children = (
				FA37271D1D0C99C500FD8A16 /* Todo.swift */,
			);
			name = App;
			sourceTree = "<group>";
		};
		FA433FB11D15B3CE0021F075 /* Storyboard */ = {
			isa = PBXGroup;
			children = (
				607FACDE1AFB9204008FA782 /* LaunchScreen.xib */,
				607FACD91AFB9204008FA782 /* Main.storyboard */,
			);
			name = Storyboard;
			sourceTree = "<group>";
		};
		FA433FB21D15B4D90021F075 /* Controllers */ = {
			isa = PBXGroup;
			children = (
				FA433FB51D15B53E0021F075 /* MainController.swift */,
				FA433FBC1D15C5F60021F075 /* AddController.swift */,
			);
			name = Controllers;
			sourceTree = "<group>";
		};
		FA433FB91D15C3580021F075 /* View */ = {
			isa = PBXGroup;
			children = (
				FA433FBA1D15C3760021F075 /* MainCell.swift */,
			);
			name = View;
			sourceTree = "<group>";
		};
		FA50A9C71CF98E9200B9055D /* Classes */ = {
			isa = PBXGroup;
			children = (
				FA37270F1D0C93C700FD8A16 /* AtomElement.swift */,
				FA3727151D0C973300FD8A16 /* AtomUtils.swift */,
				FAD0B02A1D0CAF45004CBDDA /* AtomNode.swift */,
				FA5C51FA1D0F2B94005E1D95 /* AtomRoot.swift */,
				FA5C51FE1D0F2F4D005E1D95 /* AtomDispatcher.swift */,
				FA5C52001D0F2F7E005E1D95 /* AtomSubscriber.swift */,
				FA5C52021D0F3FA4005E1D95 /* AtomEvent.swift */,
				FA433FC31D15DF970021F075 /* AtomComponent.swift */,
			);
			name = Classes;
			sourceTree = "<group>";
		};
/* End PBXGroup section */

/* Begin PBXNativeTarget section */
		607FACCF1AFB9204008FA782 /* Atom_Example */ = {
			isa = PBXNativeTarget;
			buildConfigurationList = 607FACEF1AFB9204008FA782 /* Build configuration list for PBXNativeTarget "Atom_Example" */;
			buildPhases = (
				495581186042D120BF44AC7A /* 📦 Check Pods Manifest.lock */,
				607FACCC1AFB9204008FA782 /* Sources */,
				607FACCD1AFB9204008FA782 /* Frameworks */,
				607FACCE1AFB9204008FA782 /* Resources */,
				1E769530AB6882B627A9B9FB /* 📦 Embed Pods Frameworks */,
				B75F0069F9F56E9A67B6D1FF /* 📦 Copy Pods Resources */,
			);
			buildRules = (
			);
			dependencies = (
			);
			name = Atom_Example;
			productName = Atom;
			productReference = 607FACD01AFB9204008FA782 /* Atom_Example.app */;
			productType = "com.apple.product-type.application";
		};
		607FACE41AFB9204008FA782 /* Atom_Tests */ = {
			isa = PBXNativeTarget;
			buildConfigurationList = 607FACF21AFB9204008FA782 /* Build configuration list for PBXNativeTarget "Atom_Tests" */;
			buildPhases = (
				7A6D256FDD203B5937C11681 /* 📦 Check Pods Manifest.lock */,
				607FACE11AFB9204008FA782 /* Sources */,
				607FACE21AFB9204008FA782 /* Frameworks */,
				607FACE31AFB9204008FA782 /* Resources */,
				65549829BBCBA698FAB62DB3 /* 📦 Embed Pods Frameworks */,
				606B3EB163DB35E9D3E7C3DB /* 📦 Copy Pods Resources */,
			);
			buildRules = (
			);
			dependencies = (
				607FACE71AFB9204008FA782 /* PBXTargetDependency */,
			);
			name = Atom_Tests;
			productName = Tests;
			productReference = 607FACE51AFB9204008FA782 /* Atom_Tests.xctest */;
			productType = "com.apple.product-type.bundle.unit-test";
		};
/* End PBXNativeTarget section */

/* Begin PBXProject section */
		607FACC81AFB9204008FA782 /* Project object */ = {
			isa = PBXProject;
			attributes = {
				LastSwiftUpdateCheck = 0720;
				LastUpgradeCheck = 0720;
				ORGANIZATIONNAME = CocoaPods;
				TargetAttributes = {
					607FACCF1AFB9204008FA782 = {
						CreatedOnToolsVersion = 6.3.1;
					};
					607FACE41AFB9204008FA782 = {
						CreatedOnToolsVersion = 6.3.1;
						TestTargetID = 607FACCF1AFB9204008FA782;
					};
				};
			};
			buildConfigurationList = 607FACCB1AFB9204008FA782 /* Build configuration list for PBXProject "Atom" */;
			compatibilityVersion = "Xcode 3.2";
			developmentRegion = English;
			hasScannedForEncodings = 0;
			knownRegions = (
				en,
				Base,
			);
			mainGroup = 607FACC71AFB9204008FA782;
			productRefGroup = 607FACD11AFB9204008FA782 /* Products */;
			projectDirPath = "";
			projectRoot = "";
			targets = (
				607FACCF1AFB9204008FA782 /* Atom_Example */,
				607FACE41AFB9204008FA782 /* Atom_Tests */,
			);
		};
/* End PBXProject section */

/* Begin PBXResourcesBuildPhase section */
		607FACCE1AFB9204008FA782 /* Resources */ = {
			isa = PBXResourcesBuildPhase;
			buildActionMask = 2147483647;
			files = (
				607FACDB1AFB9204008FA782 /* Main.storyboard in Resources */,
				607FACE01AFB9204008FA782 /* LaunchScreen.xib in Resources */,
				607FACDD1AFB9204008FA782 /* Images.xcassets in Resources */,
			);
			runOnlyForDeploymentPostprocessing = 0;
		};
		607FACE31AFB9204008FA782 /* Resources */ = {
			isa = PBXResourcesBuildPhase;
			buildActionMask = 2147483647;
			files = (
			);
			runOnlyForDeploymentPostprocessing = 0;
		};
/* End PBXResourcesBuildPhase section */

/* Begin PBXShellScriptBuildPhase section */
		1E769530AB6882B627A9B9FB /* 📦 Embed Pods Frameworks */ = {
			isa = PBXShellScriptBuildPhase;
			buildActionMask = 2147483647;
			files = (
			);
			inputPaths = (
			);
			name = "📦 Embed Pods Frameworks";
			outputPaths = (
			);
			runOnlyForDeploymentPostprocessing = 0;
			shellPath = /bin/sh;
			shellScript = "\"${SRCROOT}/Pods/Target Support Files/Pods-Atom_Example/Pods-Atom_Example-frameworks.sh\"\n";
			showEnvVarsInLog = 0;
		};
		495581186042D120BF44AC7A /* 📦 Check Pods Manifest.lock */ = {
			isa = PBXShellScriptBuildPhase;
			buildActionMask = 2147483647;
			files = (
			);
			inputPaths = (
			);
			name = "📦 Check Pods Manifest.lock";
			outputPaths = (
			);
			runOnlyForDeploymentPostprocessing = 0;
			shellPath = /bin/sh;
			shellScript = "diff \"${PODS_ROOT}/../Podfile.lock\" \"${PODS_ROOT}/Manifest.lock\" > /dev/null\nif [[ $? != 0 ]] ; then\n    cat << EOM\nerror: The sandbox is not in sync with the Podfile.lock. Run 'pod install' or update your CocoaPods installation.\nEOM\n    exit 1\nfi\n";
			showEnvVarsInLog = 0;
		};
		606B3EB163DB35E9D3E7C3DB /* 📦 Copy Pods Resources */ = {
			isa = PBXShellScriptBuildPhase;
			buildActionMask = 2147483647;
			files = (
			);
			inputPaths = (
			);
			name = "📦 Copy Pods Resources";
			outputPaths = (
			);
			runOnlyForDeploymentPostprocessing = 0;
			shellPath = /bin/sh;
			shellScript = "\"${SRCROOT}/Pods/Target Support Files/Pods-Atom_Tests/Pods-Atom_Tests-resources.sh\"\n";
			showEnvVarsInLog = 0;
		};
		65549829BBCBA698FAB62DB3 /* 📦 Embed Pods Frameworks */ = {
			isa = PBXShellScriptBuildPhase;
			buildActionMask = 2147483647;
			files = (
			);
			inputPaths = (
			);
			name = "📦 Embed Pods Frameworks";
			outputPaths = (
			);
			runOnlyForDeploymentPostprocessing = 0;
			shellPath = /bin/sh;
			shellScript = "\"${SRCROOT}/Pods/Target Support Files/Pods-Atom_Tests/Pods-Atom_Tests-frameworks.sh\"\n";
			showEnvVarsInLog = 0;
		};
		7A6D256FDD203B5937C11681 /* 📦 Check Pods Manifest.lock */ = {
			isa = PBXShellScriptBuildPhase;
			buildActionMask = 2147483647;
			files = (
			);
			inputPaths = (
			);
			name = "📦 Check Pods Manifest.lock";
			outputPaths = (
			);
			runOnlyForDeploymentPostprocessing = 0;
			shellPath = /bin/sh;
			shellScript = "diff \"${PODS_ROOT}/../Podfile.lock\" \"${PODS_ROOT}/Manifest.lock\" > /dev/null\nif [[ $? != 0 ]] ; then\n    cat << EOM\nerror: The sandbox is not in sync with the Podfile.lock. Run 'pod install' or update your CocoaPods installation.\nEOM\n    exit 1\nfi\n";
			showEnvVarsInLog = 0;
		};
		B75F0069F9F56E9A67B6D1FF /* 📦 Copy Pods Resources */ = {
			isa = PBXShellScriptBuildPhase;
			buildActionMask = 2147483647;
			files = (
			);
			inputPaths = (
			);
			name = "📦 Copy Pods Resources";
			outputPaths = (
			);
			runOnlyForDeploymentPostprocessing = 0;
			shellPath = /bin/sh;
			shellScript = "\"${SRCROOT}/Pods/Target Support Files/Pods-Atom_Example/Pods-Atom_Example-resources.sh\"\n";
			showEnvVarsInLog = 0;
		};
/* End PBXShellScriptBuildPhase section */

/* Begin PBXSourcesBuildPhase section */
		607FACCC1AFB9204008FA782 /* Sources */ = {
			isa = PBXSourcesBuildPhase;
			buildActionMask = 2147483647;
			files = (
				FAD0B0251D0C9A7E004CBDDA /* Event.swift in Sources */,
				FA37271E1D0C99C500FD8A16 /* Todo.swift in Sources */,
				FA433FBF1D15C6A00021F075 /* Dispatcher.swift in Sources */,
				FA3727191D0C98D700FD8A16 /* App.swift in Sources */,
				FA3727101D0C93C700FD8A16 /* AtomElement.swift in Sources */,
				FA5C52031D0F3FA4005E1D95 /* AtomEvent.swift in Sources */,
				FA5C51FB1D0F2B94005E1D95 /* AtomRoot.swift in Sources */,
				FA433FBD1D15C5F60021F075 /* AddController.swift in Sources */,
				FA3727161D0C973300FD8A16 /* AtomUtils.swift in Sources */,
				FA433FC21D15DE490021F075 /* Actions.swift in Sources */,
				607FACD61AFB9204008FA782 /* AppDelegate.swift in Sources */,
				FA433FBB1D15C3760021F075 /* MainCell.swift in Sources */,
				FA5C52011D0F2F7E005E1D95 /* AtomSubscriber.swift in Sources */,
				FA433FB81D15B56B0021F075 /* State.swift in Sources */,
				FAD0B02B1D0CAF45004CBDDA /* AtomNode.swift in Sources */,
				FA433FC41D15DF970021F075 /* AtomComponent.swift in Sources */,
				FA433FB61D15B53E0021F075 /* MainController.swift in Sources */,
				FA5C51FF1D0F2F4D005E1D95 /* AtomDispatcher.swift in Sources */,
			);
			runOnlyForDeploymentPostprocessing = 0;
		};
		607FACE11AFB9204008FA782 /* Sources */ = {
			isa = PBXSourcesBuildPhase;
			buildActionMask = 2147483647;
			files = (
				607FACEC1AFB9204008FA782 /* Tests.swift in Sources */,
			);
			runOnlyForDeploymentPostprocessing = 0;
		};
/* End PBXSourcesBuildPhase section */

/* Begin PBXTargetDependency section */
		607FACE71AFB9204008FA782 /* PBXTargetDependency */ = {
			isa = PBXTargetDependency;
			target = 607FACCF1AFB9204008FA782 /* Atom_Example */;
			targetProxy = 607FACE61AFB9204008FA782 /* PBXContainerItemProxy */;
		};
/* End PBXTargetDependency section */

/* Begin PBXVariantGroup section */
		607FACD91AFB9204008FA782 /* Main.storyboard */ = {
			isa = PBXVariantGroup;
			children = (
				607FACDA1AFB9204008FA782 /* Base */,
			);
			name = Main.storyboard;
			sourceTree = "<group>";
		};
		607FACDE1AFB9204008FA782 /* LaunchScreen.xib */ = {
			isa = PBXVariantGroup;
			children = (
				607FACDF1AFB9204008FA782 /* Base */,
			);
			name = LaunchScreen.xib;
			sourceTree = "<group>";
		};
/* End PBXVariantGroup section */

/* Begin XCBuildConfiguration section */
		607FACED1AFB9204008FA782 /* Debug */ = {
			isa = XCBuildConfiguration;
			buildSettings = {
				ALWAYS_SEARCH_USER_PATHS = NO;
				CLANG_CXX_LANGUAGE_STANDARD = "gnu++0x";
				CLANG_CXX_LIBRARY = "libc++";
				CLANG_ENABLE_MODULES = YES;
				CLANG_ENABLE_OBJC_ARC = YES;
				CLANG_WARN_BOOL_CONVERSION = YES;
				CLANG_WARN_CONSTANT_CONVERSION = YES;
				CLANG_WARN_DIRECT_OBJC_ISA_USAGE = YES_ERROR;
				CLANG_WARN_EMPTY_BODY = YES;
				CLANG_WARN_ENUM_CONVERSION = YES;
				CLANG_WARN_INT_CONVERSION = YES;
				CLANG_WARN_OBJC_ROOT_CLASS = YES_ERROR;
				CLANG_WARN_UNREACHABLE_CODE = YES;
				CLANG_WARN__DUPLICATE_METHOD_MATCH = YES;
				"CODE_SIGN_IDENTITY[sdk=iphoneos*]" = "iPhone Developer";
				COPY_PHASE_STRIP = NO;
				DEBUG_INFORMATION_FORMAT = "dwarf-with-dsym";
				ENABLE_STRICT_OBJC_MSGSEND = YES;
				ENABLE_TESTABILITY = YES;
				GCC_C_LANGUAGE_STANDARD = gnu99;
				GCC_DYNAMIC_NO_PIC = NO;
				GCC_NO_COMMON_BLOCKS = YES;
				GCC_OPTIMIZATION_LEVEL = 0;
				GCC_PREPROCESSOR_DEFINITIONS = (
					"DEBUG=1",
					"$(inherited)",
				);
				GCC_SYMBOLS_PRIVATE_EXTERN = NO;
				GCC_WARN_64_TO_32_BIT_CONVERSION = YES;
				GCC_WARN_ABOUT_RETURN_TYPE = YES_ERROR;
				GCC_WARN_UNDECLARED_SELECTOR = YES;
				GCC_WARN_UNINITIALIZED_AUTOS = YES_AGGRESSIVE;
				GCC_WARN_UNUSED_FUNCTION = YES;
				GCC_WARN_UNUSED_VARIABLE = YES;
				IPHONEOS_DEPLOYMENT_TARGET = 8.3;
				MTL_ENABLE_DEBUG_INFO = YES;
				ONLY_ACTIVE_ARCH = YES;
				SDKROOT = iphoneos;
				SWIFT_OPTIMIZATION_LEVEL = "-Onone";
			};
			name = Debug;
		};
		607FACEE1AFB9204008FA782 /* Release */ = {
			isa = XCBuildConfiguration;
			buildSettings = {
				ALWAYS_SEARCH_USER_PATHS = NO;
				CLANG_CXX_LANGUAGE_STANDARD = "gnu++0x";
				CLANG_CXX_LIBRARY = "libc++";
				CLANG_ENABLE_MODULES = YES;
				CLANG_ENABLE_OBJC_ARC = YES;
				CLANG_WARN_BOOL_CONVERSION = YES;
				CLANG_WARN_CONSTANT_CONVERSION = YES;
				CLANG_WARN_DIRECT_OBJC_ISA_USAGE = YES_ERROR;
				CLANG_WARN_EMPTY_BODY = YES;
				CLANG_WARN_ENUM_CONVERSION = YES;
				CLANG_WARN_INT_CONVERSION = YES;
				CLANG_WARN_OBJC_ROOT_CLASS = YES_ERROR;
				CLANG_WARN_UNREACHABLE_CODE = YES;
				CLANG_WARN__DUPLICATE_METHOD_MATCH = YES;
				"CODE_SIGN_IDENTITY[sdk=iphoneos*]" = "iPhone Developer";
				COPY_PHASE_STRIP = NO;
				DEBUG_INFORMATION_FORMAT = "dwarf-with-dsym";
				ENABLE_NS_ASSERTIONS = NO;
				ENABLE_STRICT_OBJC_MSGSEND = YES;
				GCC_C_LANGUAGE_STANDARD = gnu99;
				GCC_NO_COMMON_BLOCKS = YES;
				GCC_WARN_64_TO_32_BIT_CONVERSION = YES;
				GCC_WARN_ABOUT_RETURN_TYPE = YES_ERROR;
				GCC_WARN_UNDECLARED_SELECTOR = YES;
				GCC_WARN_UNINITIALIZED_AUTOS = YES_AGGRESSIVE;
				GCC_WARN_UNUSED_FUNCTION = YES;
				GCC_WARN_UNUSED_VARIABLE = YES;
				IPHONEOS_DEPLOYMENT_TARGET = 8.3;
				MTL_ENABLE_DEBUG_INFO = NO;
				SDKROOT = iphoneos;
				VALIDATE_PRODUCT = YES;
			};
			name = Release;
		};
		607FACF01AFB9204008FA782 /* Debug */ = {
			isa = XCBuildConfiguration;
			baseConfigurationReference = F530B5C1E641D7C281F36719 /* Pods-Atom_Example.debug.xcconfig */;
			buildSettings = {
				ASSETCATALOG_COMPILER_APPICON_NAME = AppIcon;
				INFOPLIST_FILE = Atom/Info.plist;
				LD_RUNPATH_SEARCH_PATHS = "$(inherited) @executable_path/Frameworks";
				MODULE_NAME = ExampleApp;
				PRODUCT_BUNDLE_IDENTIFIER = "org.cocoapods.demo.$(PRODUCT_NAME:rfc1034identifier)";
				PRODUCT_NAME = "$(TARGET_NAME)";
			};
			name = Debug;
		};
		607FACF11AFB9204008FA782 /* Release */ = {
			isa = XCBuildConfiguration;
			baseConfigurationReference = 344E76EA437692338F1C9ED0 /* Pods-Atom_Example.release.xcconfig */;
			buildSettings = {
				ASSETCATALOG_COMPILER_APPICON_NAME = AppIcon;
				INFOPLIST_FILE = Atom/Info.plist;
				LD_RUNPATH_SEARCH_PATHS = "$(inherited) @executable_path/Frameworks";
				MODULE_NAME = ExampleApp;
				PRODUCT_BUNDLE_IDENTIFIER = "org.cocoapods.demo.$(PRODUCT_NAME:rfc1034identifier)";
				PRODUCT_NAME = "$(TARGET_NAME)";
			};
			name = Release;
		};
		607FACF31AFB9204008FA782 /* Debug */ = {
			isa = XCBuildConfiguration;
			baseConfigurationReference = B75507C497BE5764118BA01D /* Pods-Atom_Tests.debug.xcconfig */;
			buildSettings = {
				FRAMEWORK_SEARCH_PATHS = (
					"$(SDKROOT)/Developer/Library/Frameworks",
					"$(inherited)",
				);
				GCC_PREPROCESSOR_DEFINITIONS = (
					"DEBUG=1",
					"$(inherited)",
				);
				INFOPLIST_FILE = Tests/Info.plist;
				LD_RUNPATH_SEARCH_PATHS = "$(inherited) @executable_path/Frameworks @loader_path/Frameworks";
				PRODUCT_BUNDLE_IDENTIFIER = "org.cocoapods.$(PRODUCT_NAME:rfc1034identifier)";
				PRODUCT_NAME = "$(TARGET_NAME)";
			};
			name = Debug;
		};
		607FACF41AFB9204008FA782 /* Release */ = {
			isa = XCBuildConfiguration;
			baseConfigurationReference = 802CB373B4F7C7EFBF352B0E /* Pods-Atom_Tests.release.xcconfig */;
			buildSettings = {
				FRAMEWORK_SEARCH_PATHS = (
					"$(SDKROOT)/Developer/Library/Frameworks",
					"$(inherited)",
				);
				INFOPLIST_FILE = Tests/Info.plist;
				LD_RUNPATH_SEARCH_PATHS = "$(inherited) @executable_path/Frameworks @loader_path/Frameworks";
				PRODUCT_BUNDLE_IDENTIFIER = "org.cocoapods.$(PRODUCT_NAME:rfc1034identifier)";
				PRODUCT_NAME = "$(TARGET_NAME)";
			};
			name = Release;
		};
/* End XCBuildConfiguration section */

/* Begin XCConfigurationList section */
		607FACCB1AFB9204008FA782 /* Build configuration list for PBXProject "Atom" */ = {
			isa = XCConfigurationList;
			buildConfigurations = (
				607FACED1AFB9204008FA782 /* Debug */,
				607FACEE1AFB9204008FA782 /* Release */,
			);
			defaultConfigurationIsVisible = 0;
			defaultConfigurationName = Release;
		};
		607FACEF1AFB9204008FA782 /* Build configuration list for PBXNativeTarget "Atom_Example" */ = {
			isa = XCConfigurationList;
			buildConfigurations = (
				607FACF01AFB9204008FA782 /* Debug */,
				607FACF11AFB9204008FA782 /* Release */,
			);
			defaultConfigurationIsVisible = 0;
			defaultConfigurationName = Release;
		};
		607FACF21AFB9204008FA782 /* Build configuration list for PBXNativeTarget "Atom_Tests" */ = {
			isa = XCConfigurationList;
			buildConfigurations = (
				607FACF31AFB9204008FA782 /* Debug */,
				607FACF41AFB9204008FA782 /* Release */,
			);
			defaultConfigurationIsVisible = 0;
			defaultConfigurationName = Release;
		};
/* End XCConfigurationList section */
	};
	rootObject = 607FACC81AFB9204008FA782 /* Project object */;
}
